// !$*UTF8*$!
{
	archiveVersion = 1;
	classes = {
	};
	objectVersion = 55;
	objects = {

/* Begin PBXBuildFile section */
		4C20875127A2F9B200DC94E3 /* Listview_SwiftUiApp.swift in Sources */ = {isa = PBXBuildFile; fileRef = 4C20875027A2F9B200DC94E3 /* Listview_SwiftUiApp.swift */; };
		4C20875327A2F9B200DC94E3 /* PlayerDetail.swift in Sources */ = {isa = PBXBuildFile; fileRef = 4C20875227A2F9B200DC94E3 /* PlayerDetail.swift */; };
		4C20875527A2F9B300DC94E3 /* Assets.xcassets in Resources */ = {isa = PBXBuildFile; fileRef = 4C20875427A2F9B300DC94E3 /* Assets.xcassets */; };
		4C20875827A2F9B300DC94E3 /* Preview Assets.xcassets in Resources */ = {isa = PBXBuildFile; fileRef = 4C20875727A2F9B300DC94E3 /* Preview Assets.xcassets */; };
		4C20875F27A2FAE300DC94E3 /* Player.swift in Sources */ = {isa = PBXBuildFile; fileRef = 4C20875E27A2FAE300DC94E3 /* Player.swift */; };
		4C21803C27A41B69008848A6 /* StatText.swift in Sources */ = {isa = PBXBuildFile; fileRef = 4C21803B27A41B69008848A6 /* StatText.swift */; };
		4C599C5D27A526C400AA21E5 /* PlayerRow.swift in Sources */ = {isa = PBXBuildFile; fileRef = 4C599C5C27A526C400AA21E5 /* PlayerRow.swift */; };
		4CAFB75A27A58A08008561A8 /* PlayerList.swift in Sources */ = {isa = PBXBuildFile; fileRef = 4CAFB75927A58A08008561A8 /* PlayerList.swift */; };
/* End PBXBuildFile section */

/* Begin PBXFileReference section */
		4C20874D27A2F9B200DC94E3 /* Listview-SwiftUi.app */ = {isa = PBXFileReference; explicitFileType = wrapper.application; includeInIndex = 0; path = "Listview-SwiftUi.app"; sourceTree = BUILT_PRODUCTS_DIR; };
		4C20875027A2F9B200DC94E3 /* Listview_SwiftUiApp.swift */ = {isa = PBXFileReference; lastKnownFileType = sourcecode.swift; path = Listview_SwiftUiApp.swift; sourceTree = "<group>"; };
		4C20875227A2F9B200DC94E3 /* PlayerDetail.swift */ = {isa = PBXFileReference; lastKnownFileType = sourcecode.swift; path = PlayerDetail.swift; sourceTree = "<group>"; };
		4C20875427A2F9B300DC94E3 /* Assets.xcassets */ = {isa = PBXFileReference; lastKnownFileType = folder.assetcatalog; path = Assets.xcassets; sourceTree = "<group>"; };
		4C20875727A2F9B300DC94E3 /* Preview Assets.xcassets */ = {isa = PBXFileReference; lastKnownFileType = folder.assetcatalog; path = "Preview Assets.xcassets"; sourceTree = "<group>"; };
		4C20875E27A2FAE300DC94E3 /* Player.swift */ = {isa = PBXFileReference; fileEncoding = 4; lastKnownFileType = sourcecode.swift; path = Player.swift; sourceTree = "<group>"; };
		4C21803B27A41B69008848A6 /* StatText.swift */ = {isa = PBXFileReference; lastKnownFileType = sourcecode.swift; path = StatText.swift; sourceTree = "<group>"; };
		4C599C5C27A526C400AA21E5 /* PlayerRow.swift */ = {isa = PBXFileReference; lastKnownFileType = sourcecode.swift; path = PlayerRow.swift; sourceTree = "<group>"; };
		4CAFB75927A58A08008561A8 /* PlayerList.swift */ = {isa = PBXFileReference; lastKnownFileType = sourcecode.swift; path = PlayerList.swift; sourceTree = "<group>"; };
/* End PBXFileReference section */

/* Begin PBXFrameworksBuildPhase section */
		4C20874A27A2F9B200DC94E3 /* Frameworks */ = {
			isa = PBXFrameworksBuildPhase;
			buildActionMask = 2147483647;
			files = (
			);
			runOnlyForDeploymentPostprocessing = 0;
		};
/* End PBXFrameworksBuildPhase section */

/* Begin PBXGroup section */
		4C20874427A2F9B200DC94E3 = {
			isa = PBXGroup;
			children = (
				4C20874F27A2F9B200DC94E3 /* Listview-SwiftUi */,
				4C20874E27A2F9B200DC94E3 /* Products */,
			);
			sourceTree = "<group>";
		};
		4C20874E27A2F9B200DC94E3 /* Products */ = {
			isa = PBXGroup;
			children = (
				4C20874D27A2F9B200DC94E3 /* Listview-SwiftUi.app */,
			);
			name = Products;
			sourceTree = "<group>";
		};
		4C20874F27A2F9B200DC94E3 /* Listview-SwiftUi */ = {
			isa = PBXGroup;
			children = (
				4C20875E27A2FAE300DC94E3 /* Player.swift */,
				4C20875027A2F9B200DC94E3 /* Listview_SwiftUiApp.swift */,
				4CAFB75927A58A08008561A8 /* PlayerList.swift */,
				4C20875227A2F9B200DC94E3 /* PlayerDetail.swift */,
				4C21803B27A41B69008848A6 /* StatText.swift */,
				4C599C5C27A526C400AA21E5 /* PlayerRow.swift */,
				4C20875427A2F9B300DC94E3 /* Assets.xcassets */,
				4C20875627A2F9B300DC94E3 /* Preview Content */,
			);
			path = "Listview-SwiftUi";
			sourceTree = "<group>";
		};
		4C20875627A2F9B300DC94E3 /* Preview Content */ = {
			isa = PBXGroup;
			children = (
				4C20875727A2F9B300DC94E3 /* Preview Assets.xcassets */,
			);
			path = "Preview Content";
			sourceTree = "<group>";
		};
/* End PBXGroup section */

/* Begin PBXNativeTarget section */
		4C20874C27A2F9B200DC94E3 /* Listview-SwiftUi */ = {
			isa = PBXNativeTarget;
			buildConfigurationList = 4C20875B27A2F9B300DC94E3 /* Build configuration list for PBXNativeTarget "Listview-SwiftUi" */;
			buildPhases = (
				4C20874927A2F9B200DC94E3 /* Sources */,
				4C20874A27A2F9B200DC94E3 /* Frameworks */,
				4C20874B27A2F9B200DC94E3 /* Resources */,
			);
			buildRules = (
			);
			dependencies = (
			);
			name = "Listview-SwiftUi";
			productName = "Listview-SwiftUi";
			productReference = 4C20874D27A2F9B200DC94E3 /* Listview-SwiftUi.app */;
			productType = "com.apple.product-type.application";
		};
/* End PBXNativeTarget section */

/* Begin PBXProject section */
		4C20874527A2F9B200DC94E3 /* Project object */ = {
			isa = PBXProject;
			attributes = {
				BuildIndependentTargetsInParallel = 1;
				LastSwiftUpdateCheck = 1320;
				LastUpgradeCheck = 1320;
				TargetAttributes = {
					4C20874C27A2F9B200DC94E3 = {
						CreatedOnToolsVersion = 13.2.1;
					};
				};
			};
			buildConfigurationList = 4C20874827A2F9B200DC94E3 /* Build configuration list for PBXProject "Listview-SwiftUi" */;
			compatibilityVersion = "Xcode 13.0";
			developmentRegion = en;
			hasScannedForEncodings = 0;
			knownRegions = (
				en,
				Base,
			);
			mainGroup = 4C20874427A2F9B200DC94E3;
			productRefGroup = 4C20874E27A2F9B200DC94E3 /* Products */;
			projectDirPath = "";
			projectRoot = "";
			targets = (
				4C20874C27A2F9B200DC94E3 /* Listview-SwiftUi */,
			);
		};
/* End PBXProject section */

/* Begin PBXResourcesBuildPhase section */
		4C20874B27A2F9B200DC94E3 /* Resources */ = {
			isa = PBXResourcesBuildPhase;
			buildActionMask = 2147483647;
			files = (
				4C20875827A2F9B300DC94E3 /* Preview Assets.xcassets in Resources */,
				4C20875527A2F9B300DC94E3 /* Assets.xcassets in Resources */,
			);
			runOnlyForDeploymentPostprocessing = 0;
		};
/* End PBXResourcesBuildPhase section */

/* Begin PBXSourcesBuildPhase section */
		4C20874927A2F9B200DC94E3 /* Sources */ = {
			isa = PBXSourcesBuildPhase;
			buildActionMask = 2147483647;
			files = (
				4C20875327A2F9B200DC94E3 /* PlayerDetail.swift in Sources */,
				4C20875F27A2FAE300DC94E3 /* Player.swift in Sources */,
				4C21803C27A41B69008848A6 /* StatText.swift in Sources */,
				4C599C5D27A526C400AA21E5 /* PlayerRow.swift in Sources */,
				4CAFB75A27A58A08008561A8 /* PlayerList.swift in Sources */,
				4C20875127A2F9B200DC94E3 /* Listview_SwiftUiApp.swift in Sources */,
			);
			runOnlyForDeploymentPostprocessing = 0;
		};
/* End PBXSourcesBuildPhase section */

/* Begin XCBuildConfiguration section */
		4C20875927A2F9B300DC94E3 /* Debug */ = {
			isa = XCBuildConfiguration;
			buildSettings = {
				ALWAYS_SEARCH_USER_PATHS = NO;
				CLANG_ANALYZER_NONNULL = YES;
				CLANG_ANALYZER_NUMBER_OBJECT_CONVERSION = YES_AGGRESSIVE;
				CLANG_CXX_LANGUAGE_STANDARD = "gnu++17";
				CLANG_CXX_LIBRARY = "libc++";
				CLANG_ENABLE_MODULES = YES;
				CLANG_ENABLE_OBJC_ARC = YES;
				CLANG_ENABLE_OBJC_WEAK = YES;
				CLANG_WARN_BLOCK_CAPTURE_AUTORELEASING = YES;
				CLANG_WARN_BOOL_CONVERSION = YES;
				CLANG_WARN_COMMA = YES;
				CLANG_WARN_CONSTANT_CONVERSION = YES;
				CLANG_WARN_DEPRECATED_OBJC_IMPLEMENTATIONS = YES;
				CLANG_WARN_DIRECT_OBJC_ISA_USAGE = YES_ERROR;
				CLANG_WARN_DOCUMENTATION_COMMENTS = YES;
				CLANG_WARN_EMPTY_BODY = YES;
				CLANG_WARN_ENUM_CONVERSION = YES;
				CLANG_WARN_INFINITE_RECURSION = YES;
				CLANG_WARN_INT_CONVERSION = YES;
				CLANG_WARN_NON_LITERAL_NULL_CONVERSION = YES;
				CLANG_WARN_OBJC_IMPLICIT_RETAIN_SELF = YES;
				CLANG_WARN_OBJC_LITERAL_CONVERSION = YES;
				CLANG_WARN_OBJC_ROOT_CLASS = YES_ERROR;
				CLANG_WARN_QUOTED_INCLUDE_IN_FRAMEWORK_HEADER = YES;
				CLANG_WARN_RANGE_LOOP_ANALYSIS = YES;
				CLANG_WARN_STRICT_PROTOTYPES = YES;
				CLANG_WARN_SUSPICIOUS_MOVE = YES;
				CLANG_WARN_UNGUARDED_AVAILABILITY = YES_AGGRESSIVE;
				CLANG_WARN_UNREACHABLE_CODE = YES;
				CLANG_WARN__DUPLICATE_METHOD_MATCH = YES;
				COPY_PHASE_STRIP = NO;
				DEBUG_INFORMATION_FORMAT = dwarf;
				ENABLE_STRICT_OBJC_MSGSEND = YES;
				ENABLE_TESTABILITY = YES;
				GCC_C_LANGUAGE_STANDARD = gnu11;
				GCC_DYNAMIC_NO_PIC = NO;
				GCC_NO_COMMON_BLOCKS = YES;
				GCC_OPTIMIZATION_LEVEL = 0;
				GCC_PREPROCESSOR_DEFINITIONS = (
					"DEBUG=1",
					"$(inherited)",
				);
				GCC_WARN_64_TO_32_BIT_CONVERSION = YES;
				GCC_WARN_ABOUT_RETURN_TYPE = YES_ERROR;
				GCC_WARN_UNDECLARED_SELECTOR = YES;
				GCC_WARN_UNINITIALIZED_AUTOS = YES_AGGRESSIVE;
				GCC_WARN_UNUSED_FUNCTION = YES;
				GCC_WARN_UNUSED_VARIABLE = YES;
				IPHONEOS_DEPLOYMENT_TARGET = 15.2;
				MTL_ENABLE_DEBUG_INFO = INCLUDE_SOURCE;
				MTL_FAST_MATH = YES;
				ONLY_ACTIVE_ARCH = YES;
				SDKROOT = iphoneos;
				SWIFT_ACTIVE_COMPILATION_CONDITIONS = DEBUG;
				SWIFT_OPTIMIZATION_LEVEL = "-Onone";
			};
			name = Debug;
		};
		4C20875A27A2F9B300DC94E3 /* Release */ = {
			isa = XCBuildConfiguration;
			buildSettings = {
				ALWAYS_SEARCH_USER_PATHS = NO;
				CLANG_ANALYZER_NONNULL = YES;
				CLANG_ANALYZER_NUMBER_OBJECT_CONVERSION = YES_AGGRESSIVE;
				CLANG_CXX_LANGUAGE_STANDARD = "gnu++17";
				CLANG_CXX_LIBRARY = "libc++";
				CLANG_ENABLE_MODULES = YES;
				CLANG_ENABLE_OBJC_ARC = YES;
				CLANG_ENABLE_OBJC_WEAK = YES;
				CLANG_WARN_BLOCK_CAPTURE_AUTORELEASING = YES;
				CLANG_WARN_BOOL_CONVERSION = YES;
				CLANG_WARN_COMMA = YES;
				CLANG_WARN_CONSTANT_CONVERSION = YES;
				CLANG_WARN_DEPRECATED_OBJC_IMPLEMENTATIONS = YES;
				CLANG_WARN_DIRECT_OBJC_ISA_USAGE = YES_ERROR;
				CLANG_WARN_DOCUMENTATION_COMMENTS = YES;
				CLANG_WARN_EMPTY_BODY = YES;
				CLANG_WARN_ENUM_CONVERSION = YES;
				CLANG_WARN_INFINITE_RECURSION = YES;
				CLANG_WARN_INT_CONVERSION = YES;
				CLANG_WARN_NON_LITERAL_NULL_CONVERSION = YES;
				CLANG_WARN_OBJC_IMPLICIT_RETAIN_SELF = YES;
				CLANG_WARN_OBJC_LITERAL_CONVERSION = YES;
				CLANG_WARN_OBJC_ROOT_CLASS = YES_ERROR;
				CLANG_WARN_QUOTED_INCLUDE_IN_FRAMEWORK_HEADER = YES;
				CLANG_WARN_RANGE_LOOP_ANALYSIS = YES;
				CLANG_WARN_STRICT_PROTOTYPES = YES;
				CLANG_WARN_SUSPICIOUS_MOVE = YES;
				CLANG_WARN_UNGUARDED_AVAILABILITY = YES_AGGRESSIVE;
				CLANG_WARN_UNREACHABLE_CODE = YES;
				CLANG_WARN__DUPLICATE_METHOD_MATCH = YES;
				COPY_PHASE_STRIP = NO;
				DEBUG_INFORMATION_FORMAT = "dwarf-with-dsym";
				ENABLE_NS_ASSERTIONS = NO;
				ENABLE_STRICT_OBJC_MSGSEND = YES;
				GCC_C_LANGUAGE_STANDARD = gnu11;
				GCC_NO_COMMON_BLOCKS = YES;
				GCC_WARN_64_TO_32_BIT_CONVERSION = YES;
				GCC_WARN_ABOUT_RETURN_TYPE = YES_ERROR;
				GCC_WARN_UNDECLARED_SELECTOR = YES;
				GCC_WARN_UNINITIALIZED_AUTOS = YES_AGGRESSIVE;
				GCC_WARN_UNUSED_FUNCTION = YES;
				GCC_WARN_UNUSED_VARIABLE = YES;
				IPHONEOS_DEPLOYMENT_TARGET = 15.2;
				MTL_ENABLE_DEBUG_INFO = NO;
				MTL_FAST_MATH = YES;
				SDKROOT = iphoneos;
				SWIFT_COMPILATION_MODE = wholemodule;
				SWIFT_OPTIMIZATION_LEVEL = "-O";
				VALIDATE_PRODUCT = YES;
			};
			name = Release;
		};
		4C20875C27A2F9B300DC94E3 /* Debug */ = {
			isa = XCBuildConfiguration;
			buildSettings = {
				ASSETCATALOG_COMPILER_APPICON_NAME = AppIcon;
				ASSETCATALOG_COMPILER_GLOBAL_ACCENT_COLOR_NAME = AccentColor;
				CODE_SIGN_STYLE = Automatic;
				CURRENT_PROJECT_VERSION = 1;
				DEVELOPMENT_ASSET_PATHS = "\"Listview-SwiftUi/Preview Content\"";
				DEVELOPMENT_TEAM = T474XA22TJ;
				ENABLE_PREVIEWS = YES;
				GENERATE_INFOPLIST_FILE = YES;
				INFOPLIST_KEY_UIApplicationSceneManifest_Generation = YES;
				INFOPLIST_KEY_UIApplicationSupportsIndirectInputEvents = YES;
				INFOPLIST_KEY_UILaunchScreen_Generation = YES;
				INFOPLIST_KEY_UISupportedInterfaceOrientations_iPad = "UIInterfaceOrientationPortrait UIInterfaceOrientationPortraitUpsideDown UIInterfaceOrientationLandscapeLeft UIInterfaceOrientationLandscapeRight";
				INFOPLIST_KEY_UISupportedInterfaceOrientations_iPhone = "UIInterfaceOrientationPortrait UIInterfaceOrientationLandscapeLeft UIInterfaceOrientationLandscapeRight";
				LD_RUNPATH_SEARCH_PATHS = (
					"$(inherited)",
					"@executable_path/Frameworks",
				);
				MARKETING_VERSION = 1.0;
				PRODUCT_BUNDLE_IDENTIFIER = "com.ranula.Listview-SwiftUi";
				PRODUCT_NAME = "$(TARGET_NAME)";
				SWIFT_EMIT_LOC_STRINGS = YES;
				SWIFT_VERSION = 5.0;
				TARGETED_DEVICE_FAMILY = "1,2";
			};
			name = Debug;
		};
		4C20875D27A2F9B300DC94E3 /* Release */ = {
			isa = XCBuildConfiguration;
			buildSettings = {
				ASSETCATALOG_COMPILER_APPICON_NAME = AppIcon;
				ASSETCATALOG_COMPILER_GLOBAL_ACCENT_COLOR_NAME = AccentColor;
				CODE_SIGN_STYLE = Automatic;
				CURRENT_PROJECT_VERSION = 1;
				DEVELOPMENT_ASSET_PATHS = "\"Listview-SwiftUi/Preview Content\"";
				DEVELOPMENT_TEAM = T474XA22TJ;
				ENABLE_PREVIEWS = YES;
				GENERATE_INFOPLIST_FILE = YES;
				INFOPLIST_KEY_UIApplicationSceneManifest_Generation = YES;
				INFOPLIST_KEY_UIApplicationSupportsIndirectInputEvents = YES;
				INFOPLIST_KEY_UILaunchScreen_Generation = YES;
				INFOPLIST_KEY_UISupportedInterfaceOrientations_iPad = "UIInterfaceOrientationPortrait UIInterfaceOrientationPortraitUpsideDown UIInterfaceOrientationLandscapeLeft UIInterfaceOrientationLandscapeRight";
				INFOPLIST_KEY_UISupportedInterfaceOrientations_iPhone = "UIInterfaceOrientationPortrait UIInterfaceOrientationLandscapeLeft UIInterfaceOrientationLandscapeRight";
				LD_RUNPATH_SEARCH_PATHS = (
					"$(inherited)",
					"@executable_path/Frameworks",
				);
				MARKETING_VERSION = 1.0;
				PRODUCT_BUNDLE_IDENTIFIER = "com.ranula.Listview-SwiftUi";
				PRODUCT_NAME = "$(TARGET_NAME)";
				SWIFT_EMIT_LOC_STRINGS = YES;
				SWIFT_VERSION = 5.0;
				TARGETED_DEVICE_FAMILY = "1,2";
			};
			name = Release;
		};
/* End XCBuildConfiguration section */

/* Begin XCConfigurationList section */
		4C20874827A2F9B200DC94E3 /* Build configuration list for PBXProject "Listview-SwiftUi" */ = {
			isa = XCConfigurationList;
			buildConfigurations = (
				4C20875927A2F9B300DC94E3 /* Debug */,
				4C20875A27A2F9B300DC94E3 /* Release */,
			);
			defaultConfigurationIsVisible = 0;
			defaultConfigurationName = Release;
		};
		4C20875B27A2F9B300DC94E3 /* Build configuration list for PBXNativeTarget "Listview-SwiftUi" */ = {
			isa = XCConfigurationList;
			buildConfigurations = (
				4C20875C27A2F9B300DC94E3 /* Debug */,
				4C20875D27A2F9B300DC94E3 /* Release */,
			);
			defaultConfigurationIsVisible = 0;
			defaultConfigurationName = Release;
		};
/* End XCConfigurationList section */
	};
	rootObject = 4C20874527A2F9B200DC94E3 /* Project object */;
}
